
Microsoft Visual Studio Solution File, Format Version 12.00
# Visual Studio 14
VisualStudioVersion = 14.0.24720.0
MinimumVisualStudioVersion = 10.0.40219.1
Project("{FAE04EC0-301F-11D3-BF4B-00C04F79EFBC}") = "Jack.Model", "Jack.Model\Jack.Model.csproj", "{03BC258C-3DBA-4BDC-85E7-908B9D2F673B}"
EndProject
Project("{FAE04EC0-301F-11D3-BF4B-00C04F79EFBC}") = "Jack.Presentation.Web", "Jack.Presentation.Web\Jack.Presentation.Web.csproj", "{98C556F7-FD44-429A-845F-353736FECC2A}"
EndProject
Project("{F184B08F-C81C-45F6-A57F-5ABD9991F28F}") = "Jack.Presentation", "Jack.Presentation\Jack.Presentation.vbproj", "{5AED92B7-62BA-4EDD-8B07-4C6E0DF3F00F}"
EndProject
Project("{FAE04EC0-301F-11D3-BF4B-00C04F79EFBC}") = "Jack.Communication", "Jack.Communication\Jack.Communication.csproj", "{2D3879E8-83CC-428D-B8F9-CAF391A02FD0}"
EndProject
Project("{FAE04EC0-301F-11D3-BF4B-00C04F79EFBC}") = "Jack.Library", "Jack.Library\Jack.Library.csproj", "{9BAE2EEE-5392-4EA6-8EE9-B0E5521FF8FD}"
EndProject
Project("{F184B08F-C81C-45F6-A57F-5ABD9991F28F}") = "CECAMAdm", "C:\Users\Humberto\Dropbox\Desenvolvimento\Sistemas\CECAMAdm\CECAMAdm\CECAMAdm.vbproj", "{746118A8-51A8-4D9C-8B63-8764FFF998EF}"
EndProject
Project("{FAE04EC0-301F-11D3-BF4B-00C04F79EFBC}") = "Jack.Application", "Jack.Application\Jack.Application.csproj", "{4D307578-5F8A-42B7-91BA-AA7C69800A08}"
EndProject
Project("{FAE04EC0-301F-11D3-BF4B-00C04F79EFBC}") = "Jack.Repository", "Jack.Repository\Jack.Repository.csproj", "{BB9B067F-8B63-4F6D-824A-013DB7DF6339}"
EndProject
Project("{2150E333-8FDC-42A3-9474-1A3956D46DE8}") = "Repository", "Repository", "{17B8D5FB-EA96-46AF-B66F-F8BB6B388C75}"
EndProject
Project("{2150E333-8FDC-42A3-9474-1A3956D46DE8}") = "Application", "Application", "{17537720-813C-4B5B-9324-89202EF18B22}"
EndProject
Project("{2150E333-8FDC-42A3-9474-1A3956D46DE8}") = "Support", "Support", "{F0E3E30F-285A-4071-9C51-9A54FF2BC289}"
EndProject
Project("{2150E333-8FDC-42A3-9474-1A3956D46DE8}") = "Infra", "Infra", "{87CCE803-13D0-447C-94BB-EB60C05737FC}"
EndProject
Project("{2150E333-8FDC-42A3-9474-1A3956D46DE8}") = "Presentation", "Presentation", "{77D4B67E-63EA-418D-B4A6-58A0DFC7B95C}"
EndProject
Project("{2150E333-8FDC-42A3-9474-1A3956D46DE8}") = "Domain", "Domain", "{FCC33762-A20A-46C1-880A-3063BC3FAFD5}"
EndProject
Project("{FAE04EC0-301F-11D3-BF4B-00C04F79EFBC}") = "Jack.DTO", "Jack.DTO\Jack.DTO.csproj", "{23265646-9A5F-4FFA-8609-A6762A8CB01B}"
EndProject
Global
	GlobalSection(SolutionConfigurationPlatforms) = preSolution
		Debug|.NET = Debug|.NET
		Debug|Any CPU = Debug|Any CPU
		Release|.NET = Release|.NET
		Release|Any CPU = Release|Any CPU
	EndGlobalSection
	GlobalSection(ProjectConfigurationPlatforms) = postSolution
		{03BC258C-3DBA-4BDC-85E7-908B9D2F673B}.Debug|.NET.ActiveCfg = Debug|Any CPU
		{03BC258C-3DBA-4BDC-85E7-908B9D2F673B}.Debug|.NET.Build.0 = Debug|Any CPU
		{03BC258C-3DBA-4BDC-85E7-908B9D2F673B}.Debug|Any CPU.ActiveCfg = Debug|Any CPU
		{03BC258C-3DBA-4BDC-85E7-908B9D2F673B}.Debug|Any CPU.Build.0 = Debug|Any CPU
		{03BC258C-3DBA-4BDC-85E7-908B9D2F673B}.Release|.NET.ActiveCfg = Release|Any CPU
		{03BC258C-3DBA-4BDC-85E7-908B9D2F673B}.Release|.NET.Build.0 = Release|Any CPU
		{03BC258C-3DBA-4BDC-85E7-908B9D2F673B}.Release|Any CPU.ActiveCfg = Release|Any CPU
		{03BC258C-3DBA-4BDC-85E7-908B9D2F673B}.Release|Any CPU.Build.0 = Release|Any CPU
		{98C556F7-FD44-429A-845F-353736FECC2A}.Debug|.NET.ActiveCfg = Debug|Any CPU
		{98C556F7-FD44-429A-845F-353736FECC2A}.Debug|.NET.Build.0 = Debug|Any CPU
		{98C556F7-FD44-429A-845F-353736FECC2A}.Debug|Any CPU.ActiveCfg = Debug|Any CPU
		{98C556F7-FD44-429A-845F-353736FECC2A}.Debug|Any CPU.Build.0 = Debug|Any CPU
		{98C556F7-FD44-429A-845F-353736FECC2A}.Release|.NET.ActiveCfg = Release|Any CPU
		{98C556F7-FD44-429A-845F-353736FECC2A}.Release|.NET.Build.0 = Release|Any CPU
		{98C556F7-FD44-429A-845F-353736FECC2A}.Release|Any CPU.ActiveCfg = Release|Any CPU
		{98C556F7-FD44-429A-845F-353736FECC2A}.Release|Any CPU.Build.0 = Release|Any CPU
		{5AED92B7-62BA-4EDD-8B07-4C6E0DF3F00F}.Debug|.NET.ActiveCfg = Debug|Any CPU
		{5AED92B7-62BA-4EDD-8B07-4C6E0DF3F00F}.Debug|.NET.Build.0 = Debug|Any CPU
		{5AED92B7-62BA-4EDD-8B07-4C6E0DF3F00F}.Debug|Any CPU.ActiveCfg = Debug|Any CPU
		{5AED92B7-62BA-4EDD-8B07-4C6E0DF3F00F}.Debug|Any CPU.Build.0 = Debug|Any CPU
		{5AED92B7-62BA-4EDD-8B07-4C6E0DF3F00F}.Release|.NET.ActiveCfg = Release|Any CPU
		{5AED92B7-62BA-4EDD-8B07-4C6E0DF3F00F}.Release|.NET.Build.0 = Release|Any CPU
		{5AED92B7-62BA-4EDD-8B07-4C6E0DF3F00F}.Release|Any CPU.ActiveCfg = Release|Any CPU
		{5AED92B7-62BA-4EDD-8B07-4C6E0DF3F00F}.Release|Any CPU.Build.0 = Release|Any CPU
		{2D3879E8-83CC-428D-B8F9-CAF391A02FD0}.Debug|.NET.ActiveCfg = Debug|Any CPU
		{2D3879E8-83CC-428D-B8F9-CAF391A02FD0}.Debug|.NET.Build.0 = Debug|Any CPU
		{2D3879E8-83CC-428D-B8F9-CAF391A02FD0}.Debug|Any CPU.ActiveCfg = Debug|Any CPU
		{2D3879E8-83CC-428D-B8F9-CAF391A02FD0}.Debug|Any CPU.Build.0 = Debug|Any CPU
		{2D3879E8-83CC-428D-B8F9-CAF391A02FD0}.Release|.NET.ActiveCfg = Release|Any CPU
		{2D3879E8-83CC-428D-B8F9-CAF391A02FD0}.Release|.NET.Build.0 = Release|Any CPU
		{2D3879E8-83CC-428D-B8F9-CAF391A02FD0}.Release|Any CPU.ActiveCfg = Release|Any CPU
		{2D3879E8-83CC-428D-B8F9-CAF391A02FD0}.Release|Any CPU.Build.0 = Release|Any CPU
		{9BAE2EEE-5392-4EA6-8EE9-B0E5521FF8FD}.Debug|.NET.ActiveCfg = Debug|Any CPU
		{9BAE2EEE-5392-4EA6-8EE9-B0E5521FF8FD}.Debug|.NET.Build.0 = Debug|Any CPU
		{9BAE2EEE-5392-4EA6-8EE9-B0E5521FF8FD}.Debug|Any CPU.ActiveCfg = Debug|Any CPU
		{9BAE2EEE-5392-4EA6-8EE9-B0E5521FF8FD}.Debug|Any CPU.Build.0 = Debug|Any CPU
		{9BAE2EEE-5392-4EA6-8EE9-B0E5521FF8FD}.Release|.NET.ActiveCfg = Release|Any CPU
		{9BAE2EEE-5392-4EA6-8EE9-B0E5521FF8FD}.Release|.NET.Build.0 = Release|Any CPU
		{9BAE2EEE-5392-4EA6-8EE9-B0E5521FF8FD}.Release|Any CPU.ActiveCfg = Release|Any CPU
		{9BAE2EEE-5392-4EA6-8EE9-B0E5521FF8FD}.Release|Any CPU.Build.0 = Release|Any CPU
		{746118A8-51A8-4D9C-8B63-8764FFF998EF}.Debug|.NET.ActiveCfg = Debug|Any CPU
		{746118A8-51A8-4D9C-8B63-8764FFF998EF}.Debug|.NET.Build.0 = Debug|Any CPU
		{746118A8-51A8-4D9C-8B63-8764FFF998EF}.Debug|Any CPU.ActiveCfg = Debug|Any CPU
		{746118A8-51A8-4D9C-8B63-8764FFF998EF}.Debug|Any CPU.Build.0 = Debug|Any CPU
		{746118A8-51A8-4D9C-8B63-8764FFF998EF}.Release|.NET.ActiveCfg = Release|Any CPU
		{746118A8-51A8-4D9C-8B63-8764FFF998EF}.Release|.NET.Build.0 = Release|Any CPU
		{746118A8-51A8-4D9C-8B63-8764FFF998EF}.Release|Any CPU.ActiveCfg = Release|Any CPU
		{746118A8-51A8-4D9C-8B63-8764FFF998EF}.Release|Any CPU.Build.0 = Release|Any CPU
		{4D307578-5F8A-42B7-91BA-AA7C69800A08}.Debug|.NET.ActiveCfg = Debug|Any CPU
		{4D307578-5F8A-42B7-91BA-AA7C69800A08}.Debug|.NET.Build.0 = Debug|Any CPU
		{4D307578-5F8A-42B7-91BA-AA7C69800A08}.Debug|Any CPU.ActiveCfg = Debug|Any CPU
		{4D307578-5F8A-42B7-91BA-AA7C69800A08}.Debug|Any CPU.Build.0 = Debug|Any CPU
		{4D307578-5F8A-42B7-91BA-AA7C69800A08}.Release|.NET.ActiveCfg = Release|Any CPU
		{4D307578-5F8A-42B7-91BA-AA7C69800A08}.Release|.NET.Build.0 = Release|Any CPU
		{4D307578-5F8A-42B7-91BA-AA7C69800A08}.Release|Any CPU.ActiveCfg = Release|Any CPU
		{4D307578-5F8A-42B7-91BA-AA7C69800A08}.Release|Any CPU.Build.0 = Release|Any CPU
		{BB9B067F-8B63-4F6D-824A-013DB7DF6339}.Debug|.NET.ActiveCfg = Debug|Any CPU
		{BB9B067F-8B63-4F6D-824A-013DB7DF6339}.Debug|.NET.Build.0 = Debug|Any CPU
		{BB9B067F-8B63-4F6D-824A-013DB7DF6339}.Debug|Any CPU.ActiveCfg = Debug|Any CPU
		{BB9B067F-8B63-4F6D-824A-013DB7DF6339}.Debug|Any CPU.Build.0 = Debug|Any CPU
		{BB9B067F-8B63-4F6D-824A-013DB7DF6339}.Release|.NET.ActiveCfg = Release|Any CPU
		{BB9B067F-8B63-4F6D-824A-013DB7DF6339}.Release|.NET.Build.0 = Release|Any CPU
		{BB9B067F-8B63-4F6D-824A-013DB7DF6339}.Release|Any CPU.ActiveCfg = Release|Any CPU
		{BB9B067F-8B63-4F6D-824A-013DB7DF6339}.Release|Any CPU.Build.0 = Release|Any CPU
		{23265646-9A5F-4FFA-8609-A6762A8CB01B}.Debug|.NET.ActiveCfg = Debug|Any CPU
		{23265646-9A5F-4FFA-8609-A6762A8CB01B}.Debug|.NET.Build.0 = Debug|Any CPU
		{23265646-9A5F-4FFA-8609-A6762A8CB01B}.Debug|Any CPU.ActiveCfg = Debug|Any CPU
		{23265646-9A5F-4FFA-8609-A6762A8CB01B}.Debug|Any CPU.Build.0 = Debug|Any CPU
		{23265646-9A5F-4FFA-8609-A6762A8CB01B}.Release|.NET.ActiveCfg = Release|Any CPU
		{23265646-9A5F-4FFA-8609-A6762A8CB01B}.Release|.NET.Build.0 = Release|Any CPU
		{23265646-9A5F-4FFA-8609-A6762A8CB01B}.Release|Any CPU.ActiveCfg = Release|Any CPU
		{23265646-9A5F-4FFA-8609-A6762A8CB01B}.Release|Any CPU.Build.0 = Release|Any CPU
	EndGlobalSection
	GlobalSection(SolutionProperties) = preSolution
		HideSolutionNode = FALSE
	EndGlobalSection
	GlobalSection(NestedProjects) = preSolution
		{03BC258C-3DBA-4BDC-85E7-908B9D2F673B} = {FCC33762-A20A-46C1-880A-3063BC3FAFD5}
		{98C556F7-FD44-429A-845F-353736FECC2A} = {77D4B67E-63EA-418D-B4A6-58A0DFC7B95C}
		{5AED92B7-62BA-4EDD-8B07-4C6E0DF3F00F} = {F0E3E30F-285A-4071-9C51-9A54FF2BC289}
		{2D3879E8-83CC-428D-B8F9-CAF391A02FD0} = {F0E3E30F-285A-4071-9C51-9A54FF2BC289}
		{9BAE2EEE-5392-4EA6-8EE9-B0E5521FF8FD} = {87CCE803-13D0-447C-94BB-EB60C05737FC}
		{746118A8-51A8-4D9C-8B63-8764FFF998EF} = {F0E3E30F-285A-4071-9C51-9A54FF2BC289}
		{4D307578-5F8A-42B7-91BA-AA7C69800A08} = {17537720-813C-4B5B-9324-89202EF18B22}
		{BB9B067F-8B63-4F6D-824A-013DB7DF6339} = {17B8D5FB-EA96-46AF-B66F-F8BB6B388C75}
		{23265646-9A5F-4FFA-8609-A6762A8CB01B} = {17537720-813C-4B5B-9324-89202EF18B22}
	EndGlobalSection
EndGlobal
