
Microsoft Visual Studio Solution File, Format Version 12.00
# Visual Studio 14
VisualStudioVersion = 14.0.25420.1
MinimumVisualStudioVersion = 10.0.40219.1
Project("{FAE04EC0-301F-11D3-BF4B-00C04F79EFBC}") = "Jack.Domain", "Jack.Domain\Jack.Domain.csproj", "{F7B3290E-90DA-4D22-AC2A-9543CE892909}"
EndProject
Project("{2150E333-8FDC-42A3-9474-1A3956D46DE8}") = "0 - Web", "0 - Web", "{BECBBFEF-3B2A-4D20-BE9E-B233C71E6A2F}"
EndProject
Project("{2150E333-8FDC-42A3-9474-1A3956D46DE8}") = "1 - Application", "1 - Application", "{295C93B9-2255-4E82-9A3E-002DB1C9E92F}"
EndProject
Project("{2150E333-8FDC-42A3-9474-1A3956D46DE8}") = "2 - Domain", "2 - Domain", "{A642E6BC-0C8C-4E12-8674-9109EF723255}"
EndProject
Project("{2150E333-8FDC-42A3-9474-1A3956D46DE8}") = "3 - Data", "3 - Data", "{243C0169-EEA4-4FEF-9E28-328C023EDBDC}"
EndProject
Project("{2150E333-8FDC-42A3-9474-1A3956D46DE8}") = "4 - Infra", "4 - Infra", "{6709E419-C8CF-420B-B4D5-823857394F65}"
EndProject
Project("{FAE04EC0-301F-11D3-BF4B-00C04F79EFBC}") = "Jack.Extensions", "Jack.Extensions\Jack.Extensions.csproj", "{0E63A054-3D47-4CDE-BD08-7CA8782C5555}"
EndProject
Project("{FAE04EC0-301F-11D3-BF4B-00C04F79EFBC}") = "Jack.DomainValidator", "Jack.DomainValidator\Jack.DomainValidator.csproj", "{D1D4158A-1FFB-48B4-9584-47E032BE352A}"
EndProject
Project("{FAE04EC0-301F-11D3-BF4B-00C04F79EFBC}") = "Jack.Repository", "Jack.Repository\Jack.Repository.csproj", "{B6ACF504-4DCB-4EFB-89FA-E94FF2EB4459}"
EndProject
Project("{FAE04EC0-301F-11D3-BF4B-00C04F79EFBC}") = "Jack.Application.ViewModel", "Jack.Application.ViewModel\Jack.Application.ViewModel.csproj", "{AEB5842E-8F8E-41B0-A8CF-1F05152ADA5C}"
EndProject
Project("{FAE04EC0-301F-11D3-BF4B-00C04F79EFBC}") = "Jack.Application", "Jack.Application\Jack.Application.csproj", "{0F74E976-88E7-4168-B1C6-5A97C4E69682}"
EndProject
Project("{FAE04EC0-301F-11D3-BF4B-00C04F79EFBC}") = "Jack.Web", "Jack.Web\Jack.Web.csproj", "{7E3D5D93-E460-40DA-965B-168495F6D435}"
EndProject
Project("{FAE04EC0-301F-11D3-BF4B-00C04F79EFBC}") = "Jack.Library", "Jack.Library\Jack.Library.csproj", "{08A4638F-7190-48DD-B8C2-9C131B517CD2}"
EndProject
Project("{2150E333-8FDC-42A3-9474-1A3956D46DE8}") = ".nuget", ".nuget", "{2F73C6FE-4D13-4B0F-85DD-20B6B8FC0BFA}"
	ProjectSection(SolutionItems) = preProject
		.nuget\packages.config = .nuget\packages.config
	EndProjectSection
EndProject
Project("{FAE04EC0-301F-11D3-BF4B-00C04F79EFBC}") = "Jack.Domain.Services", "Jack.Domain.Services\Jack.Domain.Services.csproj", "{B1761FC7-07B9-4D15-A264-D83C43D1776E}"
EndProject
Project("{2150E333-8FDC-42A3-9474-1A3956D46DE8}") = "99 - Extras", "99 - Extras", "{1DC406A4-DC78-4351-BE06-D7EB9432ECDE}"
	ProjectSection(SolutionItems) = preProject
		Acertos.sql = Acertos.sql
		backlog.txt = backlog.txt
	EndProjectSection
EndProject
Project("{FAE04EC0-301F-11D3-BF4B-00C04F79EFBC}") = "Jack.Ioc", "Jack.Ioc\Jack.Ioc.csproj", "{2012ADD8-8D15-4D72-AA25-B24C315BB174}"
EndProject
Project("{2150E333-8FDC-42A3-9474-1A3956D46DE8}") = "5 - Bot", "5 - Bot", "{E1FDDD0D-A84B-4A15-B704-0B0C3C118F49}"
EndProject
Project("{FAE04EC0-301F-11D3-BF4B-00C04F79EFBC}") = "Jack.Bot", "Jack.Bot\Jack.Bot.csproj", "{A8BA1066-5695-4D71-ABB4-65E5A5E0C3D4}"
EndProject
Global
	GlobalSection(SolutionConfigurationPlatforms) = preSolution
		Debug|Any CPU = Debug|Any CPU
		Release|Any CPU = Release|Any CPU
	EndGlobalSection
	GlobalSection(ProjectConfigurationPlatforms) = postSolution
		{F7B3290E-90DA-4D22-AC2A-9543CE892909}.Debug|Any CPU.ActiveCfg = Debug|Any CPU
		{F7B3290E-90DA-4D22-AC2A-9543CE892909}.Debug|Any CPU.Build.0 = Debug|Any CPU
		{F7B3290E-90DA-4D22-AC2A-9543CE892909}.Release|Any CPU.ActiveCfg = Release|Any CPU
		{F7B3290E-90DA-4D22-AC2A-9543CE892909}.Release|Any CPU.Build.0 = Release|Any CPU
		{0E63A054-3D47-4CDE-BD08-7CA8782C5555}.Debug|Any CPU.ActiveCfg = Debug|Any CPU
		{0E63A054-3D47-4CDE-BD08-7CA8782C5555}.Debug|Any CPU.Build.0 = Debug|Any CPU
		{0E63A054-3D47-4CDE-BD08-7CA8782C5555}.Release|Any CPU.ActiveCfg = Release|Any CPU
		{0E63A054-3D47-4CDE-BD08-7CA8782C5555}.Release|Any CPU.Build.0 = Release|Any CPU
		{D1D4158A-1FFB-48B4-9584-47E032BE352A}.Debug|Any CPU.ActiveCfg = Debug|Any CPU
		{D1D4158A-1FFB-48B4-9584-47E032BE352A}.Debug|Any CPU.Build.0 = Debug|Any CPU
		{D1D4158A-1FFB-48B4-9584-47E032BE352A}.Release|Any CPU.ActiveCfg = Release|Any CPU
		{D1D4158A-1FFB-48B4-9584-47E032BE352A}.Release|Any CPU.Build.0 = Release|Any CPU
		{B6ACF504-4DCB-4EFB-89FA-E94FF2EB4459}.Debug|Any CPU.ActiveCfg = Debug|Any CPU
		{B6ACF504-4DCB-4EFB-89FA-E94FF2EB4459}.Debug|Any CPU.Build.0 = Debug|Any CPU
		{B6ACF504-4DCB-4EFB-89FA-E94FF2EB4459}.Release|Any CPU.ActiveCfg = Release|Any CPU
		{B6ACF504-4DCB-4EFB-89FA-E94FF2EB4459}.Release|Any CPU.Build.0 = Release|Any CPU
		{AEB5842E-8F8E-41B0-A8CF-1F05152ADA5C}.Debug|Any CPU.ActiveCfg = Debug|Any CPU
		{AEB5842E-8F8E-41B0-A8CF-1F05152ADA5C}.Debug|Any CPU.Build.0 = Debug|Any CPU
		{AEB5842E-8F8E-41B0-A8CF-1F05152ADA5C}.Release|Any CPU.ActiveCfg = Release|Any CPU
		{AEB5842E-8F8E-41B0-A8CF-1F05152ADA5C}.Release|Any CPU.Build.0 = Release|Any CPU
		{0F74E976-88E7-4168-B1C6-5A97C4E69682}.Debug|Any CPU.ActiveCfg = Debug|Any CPU
		{0F74E976-88E7-4168-B1C6-5A97C4E69682}.Debug|Any CPU.Build.0 = Debug|Any CPU
		{0F74E976-88E7-4168-B1C6-5A97C4E69682}.Release|Any CPU.ActiveCfg = Release|Any CPU
		{0F74E976-88E7-4168-B1C6-5A97C4E69682}.Release|Any CPU.Build.0 = Release|Any CPU
		{7E3D5D93-E460-40DA-965B-168495F6D435}.Debug|Any CPU.ActiveCfg = Debug|Any CPU
		{7E3D5D93-E460-40DA-965B-168495F6D435}.Debug|Any CPU.Build.0 = Debug|Any CPU
		{7E3D5D93-E460-40DA-965B-168495F6D435}.Release|Any CPU.ActiveCfg = Release|Any CPU
		{7E3D5D93-E460-40DA-965B-168495F6D435}.Release|Any CPU.Build.0 = Release|Any CPU
		{08A4638F-7190-48DD-B8C2-9C131B517CD2}.Debug|Any CPU.ActiveCfg = Debug|Any CPU
		{08A4638F-7190-48DD-B8C2-9C131B517CD2}.Debug|Any CPU.Build.0 = Debug|Any CPU
		{08A4638F-7190-48DD-B8C2-9C131B517CD2}.Release|Any CPU.ActiveCfg = Release|Any CPU
		{08A4638F-7190-48DD-B8C2-9C131B517CD2}.Release|Any CPU.Build.0 = Release|Any CPU
		{B1761FC7-07B9-4D15-A264-D83C43D1776E}.Debug|Any CPU.ActiveCfg = Debug|Any CPU
		{B1761FC7-07B9-4D15-A264-D83C43D1776E}.Debug|Any CPU.Build.0 = Debug|Any CPU
		{B1761FC7-07B9-4D15-A264-D83C43D1776E}.Release|Any CPU.ActiveCfg = Release|Any CPU
		{B1761FC7-07B9-4D15-A264-D83C43D1776E}.Release|Any CPU.Build.0 = Release|Any CPU
		{2012ADD8-8D15-4D72-AA25-B24C315BB174}.Debug|Any CPU.ActiveCfg = Debug|Any CPU
		{2012ADD8-8D15-4D72-AA25-B24C315BB174}.Debug|Any CPU.Build.0 = Debug|Any CPU
		{2012ADD8-8D15-4D72-AA25-B24C315BB174}.Release|Any CPU.ActiveCfg = Release|Any CPU
		{2012ADD8-8D15-4D72-AA25-B24C315BB174}.Release|Any CPU.Build.0 = Release|Any CPU
		{A8BA1066-5695-4D71-ABB4-65E5A5E0C3D4}.Debug|Any CPU.ActiveCfg = Debug|Any CPU
		{A8BA1066-5695-4D71-ABB4-65E5A5E0C3D4}.Debug|Any CPU.Build.0 = Debug|Any CPU
		{A8BA1066-5695-4D71-ABB4-65E5A5E0C3D4}.Release|Any CPU.ActiveCfg = Release|Any CPU
		{A8BA1066-5695-4D71-ABB4-65E5A5E0C3D4}.Release|Any CPU.Build.0 = Release|Any CPU
	EndGlobalSection
	GlobalSection(SolutionProperties) = preSolution
		HideSolutionNode = FALSE
	EndGlobalSection
	GlobalSection(NestedProjects) = preSolution
		{F7B3290E-90DA-4D22-AC2A-9543CE892909} = {A642E6BC-0C8C-4E12-8674-9109EF723255}
		{0E63A054-3D47-4CDE-BD08-7CA8782C5555} = {6709E419-C8CF-420B-B4D5-823857394F65}
		{D1D4158A-1FFB-48B4-9584-47E032BE352A} = {6709E419-C8CF-420B-B4D5-823857394F65}
		{B6ACF504-4DCB-4EFB-89FA-E94FF2EB4459} = {243C0169-EEA4-4FEF-9E28-328C023EDBDC}
		{AEB5842E-8F8E-41B0-A8CF-1F05152ADA5C} = {295C93B9-2255-4E82-9A3E-002DB1C9E92F}
		{0F74E976-88E7-4168-B1C6-5A97C4E69682} = {295C93B9-2255-4E82-9A3E-002DB1C9E92F}
		{7E3D5D93-E460-40DA-965B-168495F6D435} = {BECBBFEF-3B2A-4D20-BE9E-B233C71E6A2F}
		{08A4638F-7190-48DD-B8C2-9C131B517CD2} = {6709E419-C8CF-420B-B4D5-823857394F65}
		{B1761FC7-07B9-4D15-A264-D83C43D1776E} = {A642E6BC-0C8C-4E12-8674-9109EF723255}
		{2012ADD8-8D15-4D72-AA25-B24C315BB174} = {6709E419-C8CF-420B-B4D5-823857394F65}
		{A8BA1066-5695-4D71-ABB4-65E5A5E0C3D4} = {E1FDDD0D-A84B-4A15-B704-0B0C3C118F49}
	EndGlobalSection
EndGlobal
