
Microsoft Visual Studio Solution File, Format Version 12.00
# Visual Studio 14
VisualStudioVersion = 14.0.23107.0
MinimumVisualStudioVersion = 10.0.40219.1
Project("{F184B08F-C81C-45F6-A57F-5ABD9991F28F}") = "Jack.Model", "Jack.Model\Jack.Model.vbproj", "{BA095DC2-0E43-4875-8ECA-6FD42EE9B21A}"
EndProject
Project("{F184B08F-C81C-45F6-A57F-5ABD9991F28F}") = "Jack.Business", "Jack.Business\Jack.Business.vbproj", "{9E4C1DA5-FBAC-4ED8-B6FD-58DF1C49AA97}"
EndProject
Project("{F184B08F-C81C-45F6-A57F-5ABD9991F28F}") = "Jack.Data", "Jack.Data\Jack.Data.vbproj", "{A42998A3-02D2-4769-B30F-051DB6E2DCD1}"
EndProject
Project("{F184B08F-C81C-45F6-A57F-5ABD9991F28F}") = "Jack.Presentation", "Jack.Presentation\Jack.Presentation.vbproj", "{1984A0D1-97C1-4088-B610-68B31032136B}"
EndProject
Project("{F184B08F-C81C-45F6-A57F-5ABD9991F28F}") = "Jack.Extensions", "Jack.Extensions\Jack.Extensions.vbproj", "{2A452197-C030-4DA4-8EE1-EAA17CB9B5D3}"
EndProject
Global
	GlobalSection(SolutionConfigurationPlatforms) = preSolution
		Debug|Any CPU = Debug|Any CPU
		Release|Any CPU = Release|Any CPU
	EndGlobalSection
	GlobalSection(ProjectConfigurationPlatforms) = postSolution
		{BA095DC2-0E43-4875-8ECA-6FD42EE9B21A}.Debug|Any CPU.ActiveCfg = Debug|Any CPU
		{BA095DC2-0E43-4875-8ECA-6FD42EE9B21A}.Debug|Any CPU.Build.0 = Debug|Any CPU
		{BA095DC2-0E43-4875-8ECA-6FD42EE9B21A}.Release|Any CPU.ActiveCfg = Release|Any CPU
		{BA095DC2-0E43-4875-8ECA-6FD42EE9B21A}.Release|Any CPU.Build.0 = Release|Any CPU
		{9E4C1DA5-FBAC-4ED8-B6FD-58DF1C49AA97}.Debug|Any CPU.ActiveCfg = Debug|Any CPU
		{9E4C1DA5-FBAC-4ED8-B6FD-58DF1C49AA97}.Debug|Any CPU.Build.0 = Debug|Any CPU
		{9E4C1DA5-FBAC-4ED8-B6FD-58DF1C49AA97}.Release|Any CPU.ActiveCfg = Release|Any CPU
		{9E4C1DA5-FBAC-4ED8-B6FD-58DF1C49AA97}.Release|Any CPU.Build.0 = Release|Any CPU
		{A42998A3-02D2-4769-B30F-051DB6E2DCD1}.Debug|Any CPU.ActiveCfg = Debug|Any CPU
		{A42998A3-02D2-4769-B30F-051DB6E2DCD1}.Debug|Any CPU.Build.0 = Debug|Any CPU
		{A42998A3-02D2-4769-B30F-051DB6E2DCD1}.Release|Any CPU.ActiveCfg = Release|Any CPU
		{A42998A3-02D2-4769-B30F-051DB6E2DCD1}.Release|Any CPU.Build.0 = Release|Any CPU
		{1984A0D1-97C1-4088-B610-68B31032136B}.Debug|Any CPU.ActiveCfg = Debug|Any CPU
		{1984A0D1-97C1-4088-B610-68B31032136B}.Debug|Any CPU.Build.0 = Debug|Any CPU
		{1984A0D1-97C1-4088-B610-68B31032136B}.Release|Any CPU.ActiveCfg = Release|Any CPU
		{1984A0D1-97C1-4088-B610-68B31032136B}.Release|Any CPU.Build.0 = Release|Any CPU
		{2A452197-C030-4DA4-8EE1-EAA17CB9B5D3}.Debug|Any CPU.ActiveCfg = Debug|Any CPU
		{2A452197-C030-4DA4-8EE1-EAA17CB9B5D3}.Debug|Any CPU.Build.0 = Debug|Any CPU
		{2A452197-C030-4DA4-8EE1-EAA17CB9B5D3}.Release|Any CPU.ActiveCfg = Release|Any CPU
		{2A452197-C030-4DA4-8EE1-EAA17CB9B5D3}.Release|Any CPU.Build.0 = Release|Any CPU
	EndGlobalSection
	GlobalSection(SolutionProperties) = preSolution
		HideSolutionNode = FALSE
	EndGlobalSection
EndGlobal
